
Microsoft Visual Studio Solution File, Format Version 12.00
# Visual Studio Version 16
VisualStudioVersion = 16.0.28917.181
MinimumVisualStudioVersion = 10.0.40219.1
Project("{FAE04EC0-301F-11D3-BF4B-00C04F79EFBC}") = "SmartSimilar", "SmartSimilar\SmartSimilar.csproj", "{1788FEC4-509B-4926-9CF0-72D0C545B7AF}"
EndProject
Project("{FAE04EC0-301F-11D3-BF4B-00C04F79EFBC}") = "SmartSimilar.ML", "SmartSimilar.ML\SmartSimilar.ML.csproj", "{B9B63AA6-31EE-4362-A097-4E015F1A7DB8}"
EndProject
Global
	GlobalSection(SolutionConfigurationPlatforms) = preSolution
		Debug|Any CPU = Debug|Any CPU
		Debug|x64 = Debug|x64
		Release|Any CPU = Release|Any CPU
		Release|x64 = Release|x64
	EndGlobalSection
	GlobalSection(ProjectConfigurationPlatforms) = postSolution
		{1788FEC4-509B-4926-9CF0-72D0C545B7AF}.Debug|Any CPU.ActiveCfg = Debug|Any CPU
		{1788FEC4-509B-4926-9CF0-72D0C545B7AF}.Debug|Any CPU.Build.0 = Debug|Any CPU
		{1788FEC4-509B-4926-9CF0-72D0C545B7AF}.Debug|x64.ActiveCfg = Debug|x64
		{1788FEC4-509B-4926-9CF0-72D0C545B7AF}.Debug|x64.Build.0 = Debug|x64
		{1788FEC4-509B-4926-9CF0-72D0C545B7AF}.Release|Any CPU.ActiveCfg = Release|Any CPU
		{1788FEC4-509B-4926-9CF0-72D0C545B7AF}.Release|Any CPU.Build.0 = Release|Any CPU
		{1788FEC4-509B-4926-9CF0-72D0C545B7AF}.Release|x64.ActiveCfg = Release|x64
		{1788FEC4-509B-4926-9CF0-72D0C545B7AF}.Release|x64.Build.0 = Release|x64
		{B9B63AA6-31EE-4362-A097-4E015F1A7DB8}.Debug|Any CPU.ActiveCfg = Debug|Any CPU
		{B9B63AA6-31EE-4362-A097-4E015F1A7DB8}.Debug|Any CPU.Build.0 = Debug|Any CPU
		{B9B63AA6-31EE-4362-A097-4E015F1A7DB8}.Debug|x64.ActiveCfg = Debug|x64
		{B9B63AA6-31EE-4362-A097-4E015F1A7DB8}.Debug|x64.Build.0 = Debug|x64
		{B9B63AA6-31EE-4362-A097-4E015F1A7DB8}.Release|Any CPU.ActiveCfg = Release|Any CPU
		{B9B63AA6-31EE-4362-A097-4E015F1A7DB8}.Release|Any CPU.Build.0 = Release|Any CPU
		{B9B63AA6-31EE-4362-A097-4E015F1A7DB8}.Release|x64.ActiveCfg = Release|x64
		{B9B63AA6-31EE-4362-A097-4E015F1A7DB8}.Release|x64.Build.0 = Release|x64
	EndGlobalSection
	GlobalSection(SolutionProperties) = preSolution
		HideSolutionNode = FALSE
	EndGlobalSection
	GlobalSection(ExtensibilityGlobals) = postSolution
		SolutionGuid = {3C1A692C-81AA-43C6-8520-C97D13D81DB1}
	EndGlobalSection
EndGlobal
